<?xml version="1.0" encoding="utf-8"?>
<Project ToolsVersion="4.0" xmlns="http://schemas.microsoft.com/developer/msbuild/2003">
  <ItemGroup>
    <Filter Include="res">
      <UniqueIdentifier>{920b30a6-a2f3-4b66-be9b-7c951a86b794}</UniqueIdentifier>
    </Filter>
    <Filter Include="src">
      <UniqueIdentifier>{ec7000e4-ef7e-42be-9c00-d47760777d34}</UniqueIdentifier>
    </Filter>
    <Filter Include="include">
      <UniqueIdentifier>{f742492d-2a93-4c51-ad7d-2c69e1c8541a}</UniqueIdentifier>
    </Filter>
    <Filter Include="external">
      <UniqueIdentifier>{4094e4d8-213a-4462-be02-82437b50c3f2}</UniqueIdentifier>
    </Filter>
    <Filter Include="external\glm">
      <UniqueIdentifier>{ae27a331-a829-4543-b6e6-e3835de19d37}</UniqueIdentifier>
    </Filter>
    <Filter Include="external\glm\gtc">
      <UniqueIdentifier>{3f749ecb-6b73-45b1-b669-fc7e1850cf70}</UniqueIdentifier>
    </Filter>
    <Filter Include="res\shader">
      <UniqueIdentifier>{baaf4838-947a-422a-9305-fe5e1661bd1a}</UniqueIdentifier>
    </Filter>
    <Filter Include="res\texture">
      <UniqueIdentifier>{bf8d5134-4941-4f89-97f3-8a56b7378a36}</UniqueIdentifier>
    </Filter>
    <Filter Include="external\stb">
      <UniqueIdentifier>{e314a8f7-d911-4a28-92f1-a32a81024704}</UniqueIdentifier>
    </Filter>
  </ItemGroup>
  <ItemGroup>
    <ClCompile Include="External\glad.c">
      <Filter>external</Filter>
    </ClCompile>
    <ClCompile Include="Src\main.cpp">
      <Filter>src</Filter>
    </ClCompile>
    <ClCompile Include="Src\Shader.cpp">
      <Filter>src</Filter>
    </ClCompile>
    <ClCompile Include="Src\Camera.cpp">
      <Filter>src</Filter>
    </ClCompile>
    <ClCompile Include="External\stb\stb_image.cpp">
      <Filter>external\stb</Filter>
    </ClCompile>
    <ClCompile Include="Src\Texture.cpp">
      <Filter>src</Filter>
    </ClCompile>
    <ClCompile Include="Src\Light.cpp">
      <Filter>src</Filter>
    </ClCompile>
  </ItemGroup>
  <ItemGroup>
    <ClInclude Include="External\glad.h">
      <Filter>external</Filter>
    </ClInclude>
    <ClInclude Include="External\glfw3.h">
      <Filter>external</Filter>
    </ClInclude>
    <ClInclude Include="External\glfw3native.h">
      <Filter>external</Filter>
    </ClInclude>
    <ClInclude Include="External\glm\common.hpp">
      <Filter>external\glm</Filter>
    </ClInclude>
    <ClInclude Include="External\glm\exponential.hpp">
      <Filter>external\glm</Filter>
    </ClInclude>
    <ClInclude Include="External\glm\ext.hpp">
      <Filter>external\glm</Filter>
    </ClInclude>
    <ClInclude Include="External\glm\fwd.hpp">
      <Filter>external\glm</Filter>
    </ClInclude>
    <ClInclude Include="External\glm\geometric.hpp">
      <Filter>external\glm</Filter>
    </ClInclude>
    <ClInclude Include="External\glm\glm.hpp">
      <Filter>external\glm</Filter>
    </ClInclude>
    <ClInclude Include="External\glm\integer.hpp">
      <Filter>external\glm</Filter>
    </ClInclude>
    <ClInclude Include="External\glm\mat2x2.hpp">
      <Filter>external\glm</Filter>
    </ClInclude>
    <ClInclude Include="External\glm\mat2x3.hpp">
      <Filter>external\glm</Filter>
    </ClInclude>
    <ClInclude Include="External\glm\mat2x4.hpp">
      <Filter>external\glm</Filter>
    </ClInclude>
    <ClInclude Include="External\glm\mat3x2.hpp">
      <Filter>external\glm</Filter>
    </ClInclude>
    <ClInclude Include="External\glm\mat3x3.hpp">
      <Filter>external\glm</Filter>
    </ClInclude>
    <ClInclude Include="External\glm\mat3x4.hpp">
      <Filter>external\glm</Filter>
    </ClInclude>
    <ClInclude Include="External\glm\mat4x2.hpp">
      <Filter>external\glm</Filter>
    </ClInclude>
    <ClInclude Include="External\glm\mat4x3.hpp">
      <Filter>external\glm</Filter>
    </ClInclude>
    <ClInclude Include="External\glm\mat4x4.hpp">
      <Filter>external\glm</Filter>
    </ClInclude>
    <ClInclude Include="External\glm\matrix.hpp">
      <Filter>external\glm</Filter>
    </ClInclude>
    <ClInclude Include="External\glm\packing.hpp">
      <Filter>external\glm</Filter>
    </ClInclude>
    <ClInclude Include="External\glm\trigonometric.hpp">
      <Filter>external\glm</Filter>
    </ClInclude>
    <ClInclude Include="External\glm\vec2.hpp">
      <Filter>external\glm</Filter>
    </ClInclude>
    <ClInclude Include="External\glm\vec3.hpp">
      <Filter>external\glm</Filter>
    </ClInclude>
    <ClInclude Include="External\glm\vec4.hpp">
      <Filter>external\glm</Filter>
    </ClInclude>
    <ClInclude Include="External\glm\vector_relational.hpp">
      <Filter>external\glm</Filter>
    </ClInclude>
    <ClInclude Include="External\glm\gtc\bitfield.hpp">
      <Filter>external\glm\gtc</Filter>
    </ClInclude>
    <ClInclude Include="External\glm\gtc\color_space.hpp">
      <Filter>external\glm\gtc</Filter>
    </ClInclude>
    <ClInclude Include="External\glm\gtc\constants.hpp">
      <Filter>external\glm\gtc</Filter>
    </ClInclude>
    <ClInclude Include="External\glm\gtc\epsilon.hpp">
      <Filter>external\glm\gtc</Filter>
    </ClInclude>
    <ClInclude Include="External\glm\gtc\integer.hpp">
      <Filter>external\glm\gtc</Filter>
    </ClInclude>
    <ClInclude Include="External\glm\gtc\matrix_access.hpp">
      <Filter>external\glm\gtc</Filter>
    </ClInclude>
    <ClInclude Include="External\glm\gtc\matrix_integer.hpp">
      <Filter>external\glm\gtc</Filter>
    </ClInclude>
    <ClInclude Include="External\glm\gtc\matrix_inverse.hpp">
      <Filter>external\glm\gtc</Filter>
    </ClInclude>
    <ClInclude Include="External\glm\gtc\matrix_transform.hpp">
      <Filter>external\glm\gtc</Filter>
    </ClInclude>
    <ClInclude Include="External\glm\gtc\noise.hpp">
      <Filter>external\glm\gtc</Filter>
    </ClInclude>
    <ClInclude Include="External\glm\gtc\packing.hpp">
      <Filter>external\glm\gtc</Filter>
    </ClInclude>
    <ClInclude Include="External\glm\gtc\quaternion.hpp">
      <Filter>external\glm\gtc</Filter>
    </ClInclude>
    <ClInclude Include="External\glm\gtc\random.hpp">
      <Filter>external\glm\gtc</Filter>
    </ClInclude>
    <ClInclude Include="External\glm\gtc\reciprocal.hpp">
      <Filter>external\glm\gtc</Filter>
    </ClInclude>
    <ClInclude Include="External\glm\gtc\round.hpp">
      <Filter>external\glm\gtc</Filter>
    </ClInclude>
    <ClInclude Include="External\glm\gtc\type_aligned.hpp">
      <Filter>external\glm\gtc</Filter>
    </ClInclude>
    <ClInclude Include="External\glm\gtc\type_precision.hpp">
      <Filter>external\glm\gtc</Filter>
    </ClInclude>
    <ClInclude Include="External\glm\gtc\type_ptr.hpp">
      <Filter>external\glm\gtc</Filter>
    </ClInclude>
    <ClInclude Include="External\glm\gtc\ulp.hpp">
      <Filter>external\glm\gtc</Filter>
    </ClInclude>
    <ClInclude Include="External\glm\gtc\vec1.hpp">
      <Filter>external\glm\gtc</Filter>
    </ClInclude>
    <ClInclude Include="Include\Shader.h">
      <Filter>include</Filter>
    </ClInclude>
    <ClInclude Include="Include\Camera.h">
      <Filter>include</Filter>
    </ClInclude>
    <ClInclude Include="Include\Texture.h">
      <Filter>include</Filter>
    </ClInclude>
    <ClInclude Include="External\stb\stb_image.h">
      <Filter>external\stb</Filter>
    </ClInclude>
    <ClInclude Include="Include\Light.h">
      <Filter>include</Filter>
    </ClInclude>
  </ItemGroup>
  <ItemGroup>
    <Library Include="External\glfw3.lib">
      <Filter>external</Filter>
    </Library>
  </ItemGroup>
  <ItemGroup>
    <None Include="External\glm\gtc\bitfield.inl">
      <Filter>external\glm\gtc</Filter>
    </None>
    <None Include="External\glm\gtc\color_space.inl">
      <Filter>external\glm\gtc</Filter>
    </None>
    <None Include="External\glm\gtc\constants.inl">
      <Filter>external\glm\gtc</Filter>
    </None>
    <None Include="External\glm\gtc\epsilon.inl">
      <Filter>external\glm\gtc</Filter>
    </None>
    <None Include="External\glm\gtc\integer.inl">
      <Filter>external\glm\gtc</Filter>
    </None>
    <None Include="External\glm\gtc\matrix_access.inl">
      <Filter>external\glm\gtc</Filter>
    </None>
    <None Include="External\glm\gtc\matrix_inverse.inl">
      <Filter>external\glm\gtc</Filter>
    </None>
    <None Include="External\glm\gtc\matrix_transform.inl">
      <Filter>external\glm\gtc</Filter>
    </None>
    <None Include="External\glm\gtc\noise.inl">
      <Filter>external\glm\gtc</Filter>
    </None>
    <None Include="External\glm\gtc\packing.inl">
      <Filter>external\glm\gtc</Filter>
    </None>
    <None Include="External\glm\gtc\quaternion.inl">
      <Filter>external\glm\gtc</Filter>
    </None>
    <None Include="External\glm\gtc\quaternion_simd.inl">
      <Filter>external\glm\gtc</Filter>
    </None>
    <None Include="External\glm\gtc\random.inl">
      <Filter>external\glm\gtc</Filter>
    </None>
    <None Include="External\glm\gtc\reciprocal.inl">
      <Filter>external\glm\gtc</Filter>
    </None>
    <None Include="External\glm\gtc\round.inl">
      <Filter>external\glm\gtc</Filter>
    </None>
    <None Include="External\glm\gtc\type_precision.inl">
      <Filter>external\glm\gtc</Filter>
    </None>
    <None Include="External\glm\gtc\type_ptr.inl">
      <Filter>external\glm\gtc</Filter>
    </None>
    <None Include="External\glm\gtc\ulp.inl">
      <Filter>external\glm\gtc</Filter>
    </None>
    <None Include="External\glm\gtc\vec1.inl">
      <Filter>external\glm\gtc</Filter>
    </None>
    <None Include="res\shader\DrawCube.fs">
      <Filter>res\shader</Filter>
    </None>
    <None Include="res\shader\DrawCube.vs">
      <Filter>res\shader</Filter>
    </None>
    <None Include="res\shader\DrawLamp.fs">
      <Filter>res\shader</Filter>
    </None>
    <None Include="res\shader\DrawLamp.vs">
      <Filter>res\shader</Filter>
    </None>
  </ItemGroup>
  <ItemGroup>
    <Image Include="res\texture\container2.png">
      <Filter>res\texture</Filter>
    </Image>
    <Image Include="res\texture\container2_specular.png">
      <Filter>res\texture</Filter>
    </Image>
  </ItemGroup>
</Project>